// !$*UTF8*$!
{
	archiveVersion = 1;
	classes = {
	};
	objectVersion = 46;
	objects = {

/* Begin PBXBuildFile section */
		398061A120A08D1800545104 /* main.m in Sources */ = {isa = PBXBuildFile; fileRef = 398061A020A08D1800545104 /* main.m */; };
		398061A420A08D1800545104 /* AppDelegate.m in Sources */ = {isa = PBXBuildFile; fileRef = 398061A320A08D1800545104 /* AppDelegate.m */; };
		398061A720A08D1800545104 /* ViewController.m in Sources */ = {isa = PBXBuildFile; fileRef = 398061A620A08D1800545104 /* ViewController.m */; };
		398061AA20A08D1800545104 /* Main.storyboard in Resources */ = {isa = PBXBuildFile; fileRef = 398061A820A08D1800545104 /* Main.storyboard */; };
		398061AC20A08D1800545104 /* Assets.xcassets in Resources */ = {isa = PBXBuildFile; fileRef = 398061AB20A08D1800545104 /* Assets.xcassets */; };
		398061AF20A08D1800545104 /* LaunchScreen.storyboard in Resources */ = {isa = PBXBuildFile; fileRef = 398061AD20A08D1800545104 /* LaunchScreen.storyboard */; };
/* End PBXBuildFile section */

/* Begin PBXFileReference section */
		3980619C20A08D1800545104 /* Movie Market.app */ = {isa = PBXFileReference; explicitFileType = wrapper.application; includeInIndex = 0; path = "Movie Market.app"; sourceTree = BUILT_PRODUCTS_DIR; };
		398061A020A08D1800545104 /* main.m */ = {isa = PBXFileReference; lastKnownFileType = sourcecode.c.objc; path = main.m; sourceTree = "<group>"; };
		398061A220A08D1800545104 /* AppDelegate.h */ = {isa = PBXFileReference; lastKnownFileType = sourcecode.c.h; path = AppDelegate.h; sourceTree = "<group>"; };
		398061A320A08D1800545104 /* AppDelegate.m */ = {isa = PBXFileReference; lastKnownFileType = sourcecode.c.objc; path = AppDelegate.m; sourceTree = "<group>"; };
		398061A520A08D1800545104 /* ViewController.h */ = {isa = PBXFileReference; lastKnownFileType = sourcecode.c.h; path = ViewController.h; sourceTree = "<group>"; };
		398061A620A08D1800545104 /* ViewController.m */ = {isa = PBXFileReference; lastKnownFileType = sourcecode.c.objc; path = ViewController.m; sourceTree = "<group>"; };
		398061A920A08D1800545104 /* Base */ = {isa = PBXFileReference; lastKnownFileType = file.storyboard; name = Base; path = Base.lproj/Main.storyboard; sourceTree = "<group>"; };
		398061AB20A08D1800545104 /* Assets.xcassets */ = {isa = PBXFileReference; lastKnownFileType = folder.assetcatalog; path = Assets.xcassets; sourceTree = "<group>"; };
		398061AE20A08D1800545104 /* Base */ = {isa = PBXFileReference; lastKnownFileType = file.storyboard; name = Base; path = Base.lproj/LaunchScreen.storyboard; sourceTree = "<group>"; };
		398061B020A08D1800545104 /* Info.plist */ = {isa = PBXFileReference; lastKnownFileType = text.plist.xml; path = Info.plist; sourceTree = "<group>"; };
/* End PBXFileReference section */

/* Begin PBXFrameworksBuildPhase section */
		3980619920A08D1800545104 /* Frameworks */ = {
			isa = PBXFrameworksBuildPhase;
			buildActionMask = 2147483647;
			files = (
			);
			runOnlyForDeploymentPostprocessing = 0;
		};
/* End PBXFrameworksBuildPhase section */

/* Begin PBXGroup section */
		3980619320A08D1800545104 = {
			isa = PBXGroup;
			children = (
				3980619E20A08D1800545104 /* Movie Market */,
				3980619D20A08D1800545104 /* Products */,
			);
			sourceTree = "<group>";
		};
		3980619D20A08D1800545104 /* Products */ = {
			isa = PBXGroup;
			children = (
				3980619C20A08D1800545104 /* Movie Market.app */,
			);
			name = Products;
			sourceTree = "<group>";
		};
		3980619E20A08D1800545104 /* Movie Market */ = {
			isa = PBXGroup;
			children = (
				398061A220A08D1800545104 /* AppDelegate.h */,
				398061A320A08D1800545104 /* AppDelegate.m */,
				398061A520A08D1800545104 /* ViewController.h */,
				398061A620A08D1800545104 /* ViewController.m */,
				398061A820A08D1800545104 /* Main.storyboard */,
				398061AB20A08D1800545104 /* Assets.xcassets */,
				398061AD20A08D1800545104 /* LaunchScreen.storyboard */,
				398061B020A08D1800545104 /* Info.plist */,
				3980619F20A08D1800545104 /* Supporting Files */,
			);
			path = "Movie Market";
			sourceTree = "<group>";
		};
		3980619F20A08D1800545104 /* Supporting Files */ = {
			isa = PBXGroup;
			children = (
				398061A020A08D1800545104 /* main.m */,
			);
			name = "Supporting Files";
			sourceTree = "<group>";
		};
/* End PBXGroup section */

/* Begin PBXNativeTarget section */
		3980619B20A08D1800545104 /* Movie Market */ = {
			isa = PBXNativeTarget;
			buildConfigurationList = 398061B320A08D1800545104 /* Build configuration list for PBXNativeTarget "Movie Market" */;
			buildPhases = (
				3980619820A08D1800545104 /* Sources */,
				3980619920A08D1800545104 /* Frameworks */,
				3980619A20A08D1800545104 /* Resources */,
			);
			buildRules = (
			);
			dependencies = (
			);
			name = "Movie Market";
			productName = "Movie Market";
			productReference = 3980619C20A08D1800545104 /* Movie Market.app */;
			productType = "com.apple.product-type.application";
		};
/* End PBXNativeTarget section */

/* Begin PBXProject section */
		3980619420A08D1800545104 /* Project object */ = {
			isa = PBXProject;
			attributes = {
				LastUpgradeCheck = 0710;
				ORGANIZATIONNAME = Mina;
				TargetAttributes = {
					3980619B20A08D1800545104 = {
						CreatedOnToolsVersion = 7.1.1;
					};
				};
			};
			buildConfigurationList = 3980619720A08D1800545104 /* Build configuration list for PBXProject "Movie Market" */;
			compatibilityVersion = "Xcode 3.2";
			developmentRegion = English;
			hasScannedForEncodings = 0;
			knownRegions = (
				en,
				Base,
			);
			mainGroup = 3980619320A08D1800545104;
			productRefGroup = 3980619D20A08D1800545104 /* Products */;
			projectDirPath = "";
			projectRoot = "";
			targets = (
				3980619B20A08D1800545104 /* Movie Market */,
			);
		};
/* End PBXProject section */

/* Begin PBXResourcesBuildPhase section */
		3980619A20A08D1800545104 /* Resources */ = {
			isa = PBXResourcesBuildPhase;
			buildActionMask = 2147483647;
			files = (
				398061AF20A08D1800545104 /* LaunchScreen.storyboard in Resources */,
				398061AC20A08D1800545104 /* Assets.xcassets in Resources */,
				398061AA20A08D1800545104 /* Main.storyboard in Resources */,
			);
			runOnlyForDeploymentPostprocessing = 0;
		};
/* End PBXResourcesBuildPhase section */

/* Begin PBXSourcesBuildPhase section */
		3980619820A08D1800545104 /* Sources */ = {
			isa = PBXSourcesBuildPhase;
			buildActionMask = 2147483647;
			files = (
				398061A720A08D1800545104 /* ViewController.m in Sources */,
				398061A420A08D1800545104 /* AppDelegate.m in Sources */,
				398061A120A08D1800545104 /* main.m in Sources */,
			);
			runOnlyForDeploymentPostprocessing = 0;
		};
/* End PBXSourcesBuildPhase section */

/* Begin PBXVariantGroup section */
		398061A820A08D1800545104 /* Main.storyboard */ = {
			isa = PBXVariantGroup;
			children = (
				398061A920A08D1800545104 /* Base */,
			);
			name = Main.storyboard;
			sourceTree = "<group>";
		};
		398061AD20A08D1800545104 /* LaunchScreen.storyboard */ = {
			isa = PBXVariantGroup;
			children = (
				398061AE20A08D1800545104 /* Base */,
			);
			name = LaunchScreen.storyboard;
			sourceTree = "<group>";
		};
/* End PBXVariantGroup section */

/* Begin XCBuildConfiguration section */
		398061B120A08D1800545104 /* Debug */ = {
			isa = XCBuildConfiguration;
			buildSettings = {
				ALWAYS_SEARCH_USER_PATHS = NO;
				CLANG_CXX_LANGUAGE_STANDARD = "gnu++0x";
				CLANG_CXX_LIBRARY = "libc++";
				CLANG_ENABLE_MODULES = YES;
				CLANG_ENABLE_OBJC_ARC = YES;
				CLANG_WARN_BOOL_CONVERSION = YES;
				CLANG_WARN_CONSTANT_CONVERSION = YES;
				CLANG_WARN_DIRECT_OBJC_ISA_USAGE = YES_ERROR;
				CLANG_WARN_EMPTY_BODY = YES;
				CLANG_WARN_ENUM_CONVERSION = YES;
				CLANG_WARN_INT_CONVERSION = YES;
				CLANG_WARN_OBJC_ROOT_CLASS = YES_ERROR;
				CLANG_WARN_UNREACHABLE_CODE = YES;
				CLANG_WARN__DUPLICATE_METHOD_MATCH = YES;
				"CODE_SIGN_IDENTITY[sdk=iphoneos*]" = "iPhone Developer";
				COPY_PHASE_STRIP = NO;
				DEBUG_INFORMATION_FORMAT = dwarf;
				ENABLE_STRICT_OBJC_MSGSEND = YES;
				ENABLE_TESTABILITY = YES;
				GCC_C_LANGUAGE_STANDARD = gnu99;
				GCC_DYNAMIC_NO_PIC = NO;
				GCC_NO_COMMON_BLOCKS = YES;
				GCC_OPTIMIZATION_LEVEL = 0;
				GCC_PREPROCESSOR_DEFINITIONS = (
					"DEBUG=1",
					"$(inherited)",
				);
				GCC_WARN_64_TO_32_BIT_CONVERSION = YES;
				GCC_WARN_ABOUT_RETURN_TYPE = YES_ERROR;
				GCC_WARN_UNDECLARED_SELECTOR = YES;
				GCC_WARN_UNINITIALIZED_AUTOS = YES_AGGRESSIVE;
				GCC_WARN_UNUSED_FUNCTION = YES;
				GCC_WARN_UNUSED_VARIABLE = YES;
				IPHONEOS_DEPLOYMENT_TARGET = 9.1;
				MTL_ENABLE_DEBUG_INFO = YES;
				ONLY_ACTIVE_ARCH = YES;
				SDKROOT = iphoneos;
			};
			name = Debug;
		};
		398061B220A08D1800545104 /* Release */ = {
			isa = XCBuildConfiguration;
			buildSettings = {
				ALWAYS_SEARCH_USER_PATHS = NO;
				CLANG_CXX_LANGUAGE_STANDARD = "gnu++0x";
				CLANG_CXX_LIBRARY = "libc++";
				CLANG_ENABLE_MODULES = YES;
				CLANG_ENABLE_OBJC_ARC = YES;
				CLANG_WARN_BOOL_CONVERSION = YES;
				CLANG_WARN_CONSTANT_CONVERSION = YES;
				CLANG_WARN_DIRECT_OBJC_ISA_USAGE = YES_ERROR;
				CLANG_WARN_EMPTY_BODY = YES;
				CLANG_WARN_ENUM_CONVERSION = YES;
				CLANG_WARN_INT_CONVERSION = YES;
				CLANG_WARN_OBJC_ROOT_CLASS = YES_ERROR;
				CLANG_WARN_UNREACHABLE_CODE = YES;
				CLANG_WARN__DUPLICATE_METHOD_MATCH = YES;
				"CODE_SIGN_IDENTITY[sdk=iphoneos*]" = "iPhone Developer";
				COPY_PHASE_STRIP = NO;
				DEBUG_INFORMATION_FORMAT = "dwarf-with-dsym";
				ENABLE_NS_ASSERTIONS = NO;
				ENABLE_STRICT_OBJC_MSGSEND = YES;
				GCC_C_LANGUAGE_STANDARD = gnu99;
				GCC_NO_COMMON_BLOCKS = YES;
				GCC_WARN_64_TO_32_BIT_CONVERSION = YES;
				GCC_WARN_ABOUT_RETURN_TYPE = YES_ERROR;
				GCC_WARN_UNDECLARED_SELECTOR = YES;
				GCC_WARN_UNINITIALIZED_AUTOS = YES_AGGRESSIVE;
				GCC_WARN_UNUSED_FUNCTION = YES;
				GCC_WARN_UNUSED_VARIABLE = YES;
				IPHONEOS_DEPLOYMENT_TARGET = 9.1;
				MTL_ENABLE_DEBUG_INFO = NO;
				SDKROOT = iphoneos;
				VALIDATE_PRODUCT = YES;
			};
			name = Release;
		};
		398061B420A08D1800545104 /* Debug */ = {
			isa = XCBuildConfiguration;
			buildSettings = {
				ASSETCATALOG_COMPILER_APPICON_NAME = AppIcon;
				INFOPLIST_FILE = "Movie Market/Info.plist";
				LD_RUNPATH_SEARCH_PATHS = "$(inherited) @executable_path/Frameworks";
				PRODUCT_BUNDLE_IDENTIFIER = "iti.Movie-Market";
				PRODUCT_NAME = "$(TARGET_NAME)";
			};
			name = Debug;
		};
		398061B520A08D1800545104 /* Release */ = {
			isa = XCBuildConfiguration;
			buildSettings = {
				ASSETCATALOG_COMPILER_APPICON_NAME = AppIcon;
				INFOPLIST_FILE = "Movie Market/Info.plist";
				LD_RUNPATH_SEARCH_PATHS = "$(inherited) @executable_path/Frameworks";
				PRODUCT_BUNDLE_IDENTIFIER = "iti.Movie-Market";
				PRODUCT_NAME = "$(TARGET_NAME)";
			};
			name = Release;
		};
/* End XCBuildConfiguration section */

/* Begin XCConfigurationList section */
		3980619720A08D1800545104 /* Build configuration list for PBXProject "Movie Market" */ = {
			isa = XCConfigurationList;
			buildConfigurations = (
				398061B120A08D1800545104 /* Debug */,
				398061B220A08D1800545104 /* Release */,
			);
			defaultConfigurationIsVisible = 0;
			defaultConfigurationName = Release;
		};
		398061B320A08D1800545104 /* Build configuration list for PBXNativeTarget "Movie Market" */ = {
			isa = XCConfigurationList;
			buildConfigurations = (
				398061B420A08D1800545104 /* Debug */,
				398061B520A08D1800545104 /* Release */,
			);
			defaultConfigurationIsVisible = 0;
		};
/* End XCConfigurationList section */
	};
	rootObject = 3980619420A08D1800545104 /* Project object */;
}
